{
  "name": "todolist",
  "lockfileVersion": 3,
  "requires": true,
  "packages": {
    "": {
      "dependencies": {
        "@solana/wallet-adapter": "github:solana-labs/wallet-adapter"
      }
    },
    "node_modules/@solana/wallet-adapter": {
      "resolved": "git+ssh://git@github.com/solana-labs/wallet-adapter.git#8d32a2404bb961e312e7449bdbb351c65f9a3b7d",
      "license": "Apache-2.0",
      "engines": {
        "node": ">=16",
        "pnpm": ">=7"
      }
    }
  }
}
